
Microsoft Visual Studio Solution File, Format Version 11.00
# Visual Studio 2010
Project("{FAE04EC0-301F-11D3-BF4B-00C04F79EFBC}") = "Follow a path", "Assembly-CSharp.csproj", "{63A57279-2DC6-9B2B-F557-6C63C23A5F7C}"
EndProject
Project("{FAE04EC0-301F-11D3-BF4B-00C04F79EFBC}") = "Follow a path", "Assembly-CSharp-Editor.csproj", "{36B4192C-44C7-56C0-1479-6553C9A8C149}"
EndProject
Global
	GlobalSection(SolutionConfigurationPlatforms) = preSolution
		Debug|Any CPU = Debug|Any CPU
		Release|Any CPU = Release|Any CPU
	EndGlobalSection
	GlobalSection(ProjectConfigurationPlatforms) = postSolution
		{63A57279-2DC6-9B2B-F557-6C63C23A5F7C}.Debug|Any CPU.ActiveCfg = Debug|Any CPU
		{63A57279-2DC6-9B2B-F557-6C63C23A5F7C}.Debug|Any CPU.Build.0 = Debug|Any CPU
		{63A57279-2DC6-9B2B-F557-6C63C23A5F7C}.Release|Any CPU.ActiveCfg = Release|Any CPU
		{63A57279-2DC6-9B2B-F557-6C63C23A5F7C}.Release|Any CPU.Build.0 = Release|Any CPU
		{36B4192C-44C7-56C0-1479-6553C9A8C149}.Debug|Any CPU.ActiveCfg = Debug|Any CPU
		{36B4192C-44C7-56C0-1479-6553C9A8C149}.Debug|Any CPU.Build.0 = Debug|Any CPU
		{36B4192C-44C7-56C0-1479-6553C9A8C149}.Release|Any CPU.ActiveCfg = Release|Any CPU
		{36B4192C-44C7-56C0-1479-6553C9A8C149}.Release|Any CPU.Build.0 = Release|Any CPU
	EndGlobalSection
	GlobalSection(SolutionProperties) = preSolution
		HideSolutionNode = FALSE
	EndGlobalSection
	GlobalSection(MonoDevelopProperties) = preSolution
		StartupItem = Assembly-CSharp.csproj
	EndGlobalSection
EndGlobal
